// !$*UTF8*$!
{
	archiveVersion = 1;
	classes = {
	};
	objectVersion = 50;
	objects = {

/* Begin PBXBuildFile section */
		CE2E283F24A7850700901F63 /* Helper.swift in Sources */ = {isa = PBXBuildFile; fileRef = CE2E283E24A7850700901F63 /* Helper.swift */; };
		CE2E284224A7B52B00901F63 /* NetworkReachablity.swift in Sources */ = {isa = PBXBuildFile; fileRef = CE2E284124A7B52B00901F63 /* NetworkReachablity.swift */; };
		CE4BE05324A689A30003F25B /* OfflineModel.xcdatamodeld in Sources */ = {isa = PBXBuildFile; fileRef = CE4BE05124A689A30003F25B /* OfflineModel.xcdatamodeld */; };
		CEB434CA24A60B9F00D103D7 /* ImageModel.swift in Sources */ = {isa = PBXBuildFile; fileRef = CEB434C924A60B9F00D103D7 /* ImageModel.swift */; };
		CEB434CC24A60CEB00D103D7 /* ImageViewModel.swift in Sources */ = {isa = PBXBuildFile; fileRef = CEB434CB24A60CEB00D103D7 /* ImageViewModel.swift */; };
		CEF3EF7224A4B23F008D2BBD /* ImageDetailViewController.swift in Sources */ = {isa = PBXBuildFile; fileRef = CEF3EF7124A4B23F008D2BBD /* ImageDetailViewController.swift */; };
		CEFB20B224A3BC56005FA375 /* AppDelegate.swift in Sources */ = {isa = PBXBuildFile; fileRef = CEFB20B124A3BC56005FA375 /* AppDelegate.swift */; };
		CEFB20B424A3BC56005FA375 /* ViewController.swift in Sources */ = {isa = PBXBuildFile; fileRef = CEFB20B324A3BC56005FA375 /* ViewController.swift */; };
		CEFB20B724A3BC56005FA375 /* Main.storyboard in Resources */ = {isa = PBXBuildFile; fileRef = CEFB20B524A3BC56005FA375 /* Main.storyboard */; };
		CEFB20B924A3BC58005FA375 /* Assets.xcassets in Resources */ = {isa = PBXBuildFile; fileRef = CEFB20B824A3BC58005FA375 /* Assets.xcassets */; };
		CEFB20BC24A3BC58005FA375 /* LaunchScreen.storyboard in Resources */ = {isa = PBXBuildFile; fileRef = CEFB20BA24A3BC58005FA375 /* LaunchScreen.storyboard */; };
		CEFB20CB24A3C442005FA375 /* CustomImageCollectionViewCell.swift in Sources */ = {isa = PBXBuildFile; fileRef = CEFB20CA24A3C442005FA375 /* CustomImageCollectionViewCell.swift */; };
		CEFB210F24A3D456005FA375 /* AutoScrollingCollectionView.swift in Sources */ = {isa = PBXBuildFile; fileRef = CEFB210E24A3D456005FA375 /* AutoScrollingCollectionView.swift */; };
/* End PBXBuildFile section */

/* Begin PBXFileReference section */
		CE2E283E24A7850700901F63 /* Helper.swift */ = {isa = PBXFileReference; lastKnownFileType = sourcecode.swift; path = Helper.swift; sourceTree = "<group>"; };
		CE2E284124A7B52B00901F63 /* NetworkReachablity.swift */ = {isa = PBXFileReference; lastKnownFileType = sourcecode.swift; path = NetworkReachablity.swift; sourceTree = "<group>"; };
		CE4BE05224A689A30003F25B /* OfflineModel.xcdatamodel */ = {isa = PBXFileReference; lastKnownFileType = wrapper.xcdatamodel; path = OfflineModel.xcdatamodel; sourceTree = "<group>"; };
		CEB434C924A60B9F00D103D7 /* ImageModel.swift */ = {isa = PBXFileReference; lastKnownFileType = sourcecode.swift; path = ImageModel.swift; sourceTree = "<group>"; };
		CEB434CB24A60CEB00D103D7 /* ImageViewModel.swift */ = {isa = PBXFileReference; lastKnownFileType = sourcecode.swift; path = ImageViewModel.swift; sourceTree = "<group>"; };
		CEF3EF7124A4B23F008D2BBD /* ImageDetailViewController.swift */ = {isa = PBXFileReference; lastKnownFileType = sourcecode.swift; path = ImageDetailViewController.swift; sourceTree = "<group>"; };
		CEFB20AE24A3BC56005FA375 /* Qkopy Test.app */ = {isa = PBXFileReference; explicitFileType = wrapper.application; includeInIndex = 0; path = "Qkopy Test.app"; sourceTree = BUILT_PRODUCTS_DIR; };
		CEFB20B124A3BC56005FA375 /* AppDelegate.swift */ = {isa = PBXFileReference; lastKnownFileType = sourcecode.swift; path = AppDelegate.swift; sourceTree = "<group>"; };
		CEFB20B324A3BC56005FA375 /* ViewController.swift */ = {isa = PBXFileReference; lastKnownFileType = sourcecode.swift; path = ViewController.swift; sourceTree = "<group>"; };
		CEFB20B624A3BC56005FA375 /* Base */ = {isa = PBXFileReference; lastKnownFileType = file.storyboard; name = Base; path = Base.lproj/Main.storyboard; sourceTree = "<group>"; };
		CEFB20B824A3BC58005FA375 /* Assets.xcassets */ = {isa = PBXFileReference; lastKnownFileType = folder.assetcatalog; path = Assets.xcassets; sourceTree = "<group>"; };
		CEFB20BB24A3BC58005FA375 /* Base */ = {isa = PBXFileReference; lastKnownFileType = file.storyboard; name = Base; path = Base.lproj/LaunchScreen.storyboard; sourceTree = "<group>"; };
		CEFB20BD24A3BC58005FA375 /* Info.plist */ = {isa = PBXFileReference; lastKnownFileType = text.plist.xml; path = Info.plist; sourceTree = "<group>"; };
		CEFB20CA24A3C442005FA375 /* CustomImageCollectionViewCell.swift */ = {isa = PBXFileReference; lastKnownFileType = sourcecode.swift; path = CustomImageCollectionViewCell.swift; sourceTree = "<group>"; };
		CEFB210E24A3D456005FA375 /* AutoScrollingCollectionView.swift */ = {isa = PBXFileReference; fileEncoding = 4; lastKnownFileType = sourcecode.swift; path = AutoScrollingCollectionView.swift; sourceTree = "<group>"; };
/* End PBXFileReference section */

/* Begin PBXFrameworksBuildPhase section */
		CEFB20AB24A3BC56005FA375 /* Frameworks */ = {
			isa = PBXFrameworksBuildPhase;
			buildActionMask = 2147483647;
			files = (
			);
			runOnlyForDeploymentPostprocessing = 0;
		};
/* End PBXFrameworksBuildPhase section */

/* Begin PBXGroup section */
		CE2E284024A7B4EE00901F63 /* Service */ = {
			isa = PBXGroup;
			children = (
				CE2E284124A7B52B00901F63 /* NetworkReachablity.swift */,
			);
			path = Service;
			sourceTree = "<group>";
		};
		CEFB20A524A3BC56005FA375 = {
			isa = PBXGroup;
			children = (
				CEFB20B024A3BC56005FA375 /* Qkopy Test */,
				CEFB20AF24A3BC56005FA375 /* Products */,
			);
			sourceTree = "<group>";
		};
		CEFB20AF24A3BC56005FA375 /* Products */ = {
			isa = PBXGroup;
			children = (
				CEFB20AE24A3BC56005FA375 /* Qkopy Test.app */,
			);
			name = Products;
			sourceTree = "<group>";
		};
		CEFB20B024A3BC56005FA375 /* Qkopy Test */ = {
			isa = PBXGroup;
			children = (
				CE2E284024A7B4EE00901F63 /* Service */,
				CEFB20C824A3BD74005FA375 /* viewModel */,
				CEFB20C724A3BD68005FA375 /* View */,
				CEFB20C624A3BD5C005FA375 /* Model */,
				CEFB20C524A3BD44005FA375 /* Utilities */,
				CEFB20B124A3BC56005FA375 /* AppDelegate.swift */,
				CE4BE05124A689A30003F25B /* OfflineModel.xcdatamodeld */,
				CEFB20B524A3BC56005FA375 /* Main.storyboard */,
				CEFB20B824A3BC58005FA375 /* Assets.xcassets */,
				CEFB20BA24A3BC58005FA375 /* LaunchScreen.storyboard */,
				CEFB20BD24A3BC58005FA375 /* Info.plist */,
			);
			path = "Qkopy Test";
			sourceTree = "<group>";
		};
		CEFB20C524A3BD44005FA375 /* Utilities */ = {
			isa = PBXGroup;
			children = (
				CEFB210E24A3D456005FA375 /* AutoScrollingCollectionView.swift */,
				CE2E283E24A7850700901F63 /* Helper.swift */,
			);
			path = Utilities;
			sourceTree = "<group>";
		};
		CEFB20C624A3BD5C005FA375 /* Model */ = {
			isa = PBXGroup;
			children = (
				CEB434C924A60B9F00D103D7 /* ImageModel.swift */,
			);
			path = Model;
			sourceTree = "<group>";
		};
		CEFB20C724A3BD68005FA375 /* View */ = {
			isa = PBXGroup;
			children = (
				CEFB20B324A3BC56005FA375 /* ViewController.swift */,
				CEFB20CA24A3C442005FA375 /* CustomImageCollectionViewCell.swift */,
				CEF3EF7124A4B23F008D2BBD /* ImageDetailViewController.swift */,
			);
			path = View;
			sourceTree = "<group>";
		};
		CEFB20C824A3BD74005FA375 /* viewModel */ = {
			isa = PBXGroup;
			children = (
				CEB434CB24A60CEB00D103D7 /* ImageViewModel.swift */,
			);
			path = viewModel;
			sourceTree = "<group>";
		};
/* End PBXGroup section */

/* Begin PBXNativeTarget section */
		CEFB20AD24A3BC56005FA375 /* Qkopy Test */ = {
			isa = PBXNativeTarget;
			buildConfigurationList = CEFB20C024A3BC58005FA375 /* Build configuration list for PBXNativeTarget "Qkopy Test" */;
			buildPhases = (
				CEFB20AA24A3BC56005FA375 /* Sources */,
				CEFB20AB24A3BC56005FA375 /* Frameworks */,
				CEFB20AC24A3BC56005FA375 /* Resources */,
			);
			buildRules = (
			);
			dependencies = (
			);
			name = "Qkopy Test";
			productName = "Qkopy Test";
			productReference = CEFB20AE24A3BC56005FA375 /* Qkopy Test.app */;
			productType = "com.apple.product-type.application";
		};
/* End PBXNativeTarget section */

/* Begin PBXProject section */
		CEFB20A624A3BC56005FA375 /* Project object */ = {
			isa = PBXProject;
			attributes = {
				LastSwiftUpdateCheck = 1010;
				LastUpgradeCheck = 1010;
				ORGANIZATIONNAME = user;
				TargetAttributes = {
					CEFB20AD24A3BC56005FA375 = {
						CreatedOnToolsVersion = 10.1;
					};
				};
			};
			buildConfigurationList = CEFB20A924A3BC56005FA375 /* Build configuration list for PBXProject "Qkopy Test" */;
			compatibilityVersion = "Xcode 9.3";
			developmentRegion = en;
			hasScannedForEncodings = 0;
			knownRegions = (
				en,
				Base,
			);
			mainGroup = CEFB20A524A3BC56005FA375;
			productRefGroup = CEFB20AF24A3BC56005FA375 /* Products */;
			projectDirPath = "";
			projectRoot = "";
			targets = (
				CEFB20AD24A3BC56005FA375 /* Qkopy Test */,
			);
		};
/* End PBXProject section */

/* Begin PBXResourcesBuildPhase section */
		CEFB20AC24A3BC56005FA375 /* Resources */ = {
			isa = PBXResourcesBuildPhase;
			buildActionMask = 2147483647;
			files = (
				CEFB20BC24A3BC58005FA375 /* LaunchScreen.storyboard in Resources */,
				CEFB20B924A3BC58005FA375 /* Assets.xcassets in Resources */,
				CEFB20B724A3BC56005FA375 /* Main.storyboard in Resources */,
			);
			runOnlyForDeploymentPostprocessing = 0;
		};
/* End PBXResourcesBuildPhase section */

/* Begin PBXSourcesBuildPhase section */
		CEFB20AA24A3BC56005FA375 /* Sources */ = {
			isa = PBXSourcesBuildPhase;
			buildActionMask = 2147483647;
			files = (
				CEB434CC24A60CEB00D103D7 /* ImageViewModel.swift in Sources */,
				CE2E284224A7B52B00901F63 /* NetworkReachablity.swift in Sources */,
				CEFB20B424A3BC56005FA375 /* ViewController.swift in Sources */,
				CEB434CA24A60B9F00D103D7 /* ImageModel.swift in Sources */,
				CEFB20B224A3BC56005FA375 /* AppDelegate.swift in Sources */,
				CEFB20CB24A3C442005FA375 /* CustomImageCollectionViewCell.swift in Sources */,
				CE2E283F24A7850700901F63 /* Helper.swift in Sources */,
				CE4BE05324A689A30003F25B /* OfflineModel.xcdatamodeld in Sources */,
				CEFB210F24A3D456005FA375 /* AutoScrollingCollectionView.swift in Sources */,
				CEF3EF7224A4B23F008D2BBD /* ImageDetailViewController.swift in Sources */,
			);
			runOnlyForDeploymentPostprocessing = 0;
		};
/* End PBXSourcesBuildPhase section */

/* Begin PBXVariantGroup section */
		CEFB20B524A3BC56005FA375 /* Main.storyboard */ = {
			isa = PBXVariantGroup;
			children = (
				CEFB20B624A3BC56005FA375 /* Base */,
			);
			name = Main.storyboard;
			sourceTree = "<group>";
		};
		CEFB20BA24A3BC58005FA375 /* LaunchScreen.storyboard */ = {
			isa = PBXVariantGroup;
			children = (
				CEFB20BB24A3BC58005FA375 /* Base */,
			);
			name = LaunchScreen.storyboard;
			sourceTree = "<group>";
		};
/* End PBXVariantGroup section */

/* Begin XCBuildConfiguration section */
		CEFB20BE24A3BC58005FA375 /* Debug */ = {
			isa = XCBuildConfiguration;
			buildSettings = {
				ALWAYS_SEARCH_USER_PATHS = NO;
				CLANG_ANALYZER_NONNULL = YES;
				CLANG_ANALYZER_NUMBER_OBJECT_CONVERSION = YES_AGGRESSIVE;
				CLANG_CXX_LANGUAGE_STANDARD = "gnu++14";
				CLANG_CXX_LIBRARY = "libc++";
				CLANG_ENABLE_MODULES = YES;
				CLANG_ENABLE_OBJC_ARC = YES;
				CLANG_ENABLE_OBJC_WEAK = YES;
				CLANG_WARN_BLOCK_CAPTURE_AUTORELEASING = YES;
				CLANG_WARN_BOOL_CONVERSION = YES;
				CLANG_WARN_COMMA = YES;
				CLANG_WARN_CONSTANT_CONVERSION = YES;
				CLANG_WARN_DEPRECATED_OBJC_IMPLEMENTATIONS = YES;
				CLANG_WARN_DIRECT_OBJC_ISA_USAGE = YES_ERROR;
				CLANG_WARN_DOCUMENTATION_COMMENTS = YES;
				CLANG_WARN_EMPTY_BODY = YES;
				CLANG_WARN_ENUM_CONVERSION = YES;
				CLANG_WARN_INFINITE_RECURSION = YES;
				CLANG_WARN_INT_CONVERSION = YES;
				CLANG_WARN_NON_LITERAL_NULL_CONVERSION = YES;
				CLANG_WARN_OBJC_IMPLICIT_RETAIN_SELF = YES;
				CLANG_WARN_OBJC_LITERAL_CONVERSION = YES;
				CLANG_WARN_OBJC_ROOT_CLASS = YES_ERROR;
				CLANG_WARN_RANGE_LOOP_ANALYSIS = YES;
				CLANG_WARN_STRICT_PROTOTYPES = YES;
				CLANG_WARN_SUSPICIOUS_MOVE = YES;
				CLANG_WARN_UNGUARDED_AVAILABILITY = YES_AGGRESSIVE;
				CLANG_WARN_UNREACHABLE_CODE = YES;
				CLANG_WARN__DUPLICATE_METHOD_MATCH = YES;
				CODE_SIGN_IDENTITY = "iPhone Developer";
				COPY_PHASE_STRIP = NO;
				DEBUG_INFORMATION_FORMAT = dwarf;
				ENABLE_STRICT_OBJC_MSGSEND = YES;
				ENABLE_TESTABILITY = YES;
				GCC_C_LANGUAGE_STANDARD = gnu11;
				GCC_DYNAMIC_NO_PIC = NO;
				GCC_NO_COMMON_BLOCKS = YES;
				GCC_OPTIMIZATION_LEVEL = 0;
				GCC_PREPROCESSOR_DEFINITIONS = (
					"DEBUG=1",
					"$(inherited)",
				);
				GCC_WARN_64_TO_32_BIT_CONVERSION = YES;
				GCC_WARN_ABOUT_RETURN_TYPE = YES_ERROR;
				GCC_WARN_UNDECLARED_SELECTOR = YES;
				GCC_WARN_UNINITIALIZED_AUTOS = YES_AGGRESSIVE;
				GCC_WARN_UNUSED_FUNCTION = YES;
				GCC_WARN_UNUSED_VARIABLE = YES;
				IPHONEOS_DEPLOYMENT_TARGET = 12.1;
				MTL_ENABLE_DEBUG_INFO = INCLUDE_SOURCE;
				MTL_FAST_MATH = YES;
				ONLY_ACTIVE_ARCH = YES;
				SDKROOT = iphoneos;
				SWIFT_ACTIVE_COMPILATION_CONDITIONS = DEBUG;
				SWIFT_OPTIMIZATION_LEVEL = "-Onone";
			};
			name = Debug;
		};
		CEFB20BF24A3BC58005FA375 /* Release */ = {
			isa = XCBuildConfiguration;
			buildSettings = {
				ALWAYS_SEARCH_USER_PATHS = NO;
				CLANG_ANALYZER_NONNULL = YES;
				CLANG_ANALYZER_NUMBER_OBJECT_CONVERSION = YES_AGGRESSIVE;
				CLANG_CXX_LANGUAGE_STANDARD = "gnu++14";
				CLANG_CXX_LIBRARY = "libc++";
				CLANG_ENABLE_MODULES = YES;
				CLANG_ENABLE_OBJC_ARC = YES;
				CLANG_ENABLE_OBJC_WEAK = YES;
				CLANG_WARN_BLOCK_CAPTURE_AUTORELEASING = YES;
				CLANG_WARN_BOOL_CONVERSION = YES;
				CLANG_WARN_COMMA = YES;
				CLANG_WARN_CONSTANT_CONVERSION = YES;
				CLANG_WARN_DEPRECATED_OBJC_IMPLEMENTATIONS = YES;
				CLANG_WARN_DIRECT_OBJC_ISA_USAGE = YES_ERROR;
				CLANG_WARN_DOCUMENTATION_COMMENTS = YES;
				CLANG_WARN_EMPTY_BODY = YES;
				CLANG_WARN_ENUM_CONVERSION = YES;
				CLANG_WARN_INFINITE_RECURSION = YES;
				CLANG_WARN_INT_CONVERSION = YES;
				CLANG_WARN_NON_LITERAL_NULL_CONVERSION = YES;
				CLANG_WARN_OBJC_IMPLICIT_RETAIN_SELF = YES;
				CLANG_WARN_OBJC_LITERAL_CONVERSION = YES;
				CLANG_WARN_OBJC_ROOT_CLASS = YES_ERROR;
				CLANG_WARN_RANGE_LOOP_ANALYSIS = YES;
				CLANG_WARN_STRICT_PROTOTYPES = YES;
				CLANG_WARN_SUSPICIOUS_MOVE = YES;
				CLANG_WARN_UNGUARDED_AVAILABILITY = YES_AGGRESSIVE;
				CLANG_WARN_UNREACHABLE_CODE = YES;
				CLANG_WARN__DUPLICATE_METHOD_MATCH = YES;
				CODE_SIGN_IDENTITY = "iPhone Developer";
				COPY_PHASE_STRIP = NO;
				DEBUG_INFORMATION_FORMAT = "dwarf-with-dsym";
				ENABLE_NS_ASSERTIONS = NO;
				ENABLE_STRICT_OBJC_MSGSEND = YES;
				GCC_C_LANGUAGE_STANDARD = gnu11;
				GCC_NO_COMMON_BLOCKS = YES;
				GCC_WARN_64_TO_32_BIT_CONVERSION = YES;
				GCC_WARN_ABOUT_RETURN_TYPE = YES_ERROR;
				GCC_WARN_UNDECLARED_SELECTOR = YES;
				GCC_WARN_UNINITIALIZED_AUTOS = YES_AGGRESSIVE;
				GCC_WARN_UNUSED_FUNCTION = YES;
				GCC_WARN_UNUSED_VARIABLE = YES;
				IPHONEOS_DEPLOYMENT_TARGET = 12.1;
				MTL_ENABLE_DEBUG_INFO = NO;
				MTL_FAST_MATH = YES;
				SDKROOT = iphoneos;
				SWIFT_COMPILATION_MODE = wholemodule;
				SWIFT_OPTIMIZATION_LEVEL = "-O";
				VALIDATE_PRODUCT = YES;
			};
			name = Release;
		};
		CEFB20C124A3BC58005FA375 /* Debug */ = {
			isa = XCBuildConfiguration;
			buildSettings = {
				ASSETCATALOG_COMPILER_APPICON_NAME = AppIcon;
				CODE_SIGN_STYLE = Automatic;
				DEVELOPMENT_TEAM = E292NFC5S7;
				INFOPLIST_FILE = "Qkopy Test/Info.plist";
				LD_RUNPATH_SEARCH_PATHS = (
					"$(inherited)",
					"@executable_path/Frameworks",
				);
				PRODUCT_BUNDLE_IDENTIFIER = "techware.Qkopy-Test";
				PRODUCT_NAME = "$(TARGET_NAME)";
				SWIFT_VERSION = 4.2;
				TARGETED_DEVICE_FAMILY = "1,2";
			};
			name = Debug;
		};
		CEFB20C224A3BC58005FA375 /* Release */ = {
			isa = XCBuildConfiguration;
			buildSettings = {
				ASSETCATALOG_COMPILER_APPICON_NAME = AppIcon;
				CODE_SIGN_STYLE = Automatic;
				DEVELOPMENT_TEAM = E292NFC5S7;
				INFOPLIST_FILE = "Qkopy Test/Info.plist";
				LD_RUNPATH_SEARCH_PATHS = (
					"$(inherited)",
					"@executable_path/Frameworks",
				);
				PRODUCT_BUNDLE_IDENTIFIER = "techware.Qkopy-Test";
				PRODUCT_NAME = "$(TARGET_NAME)";
				SWIFT_VERSION = 4.2;
				TARGETED_DEVICE_FAMILY = "1,2";
			};
			name = Release;
		};
/* End XCBuildConfiguration section */

/* Begin XCConfigurationList section */
		CEFB20A924A3BC56005FA375 /* Build configuration list for PBXProject "Qkopy Test" */ = {
			isa = XCConfigurationList;
			buildConfigurations = (
				CEFB20BE24A3BC58005FA375 /* Debug */,
				CEFB20BF24A3BC58005FA375 /* Release */,
			);
			defaultConfigurationIsVisible = 0;
			defaultConfigurationName = Release;
		};
		CEFB20C024A3BC58005FA375 /* Build configuration list for PBXNativeTarget "Qkopy Test" */ = {
			isa = XCConfigurationList;
			buildConfigurations = (
				CEFB20C124A3BC58005FA375 /* Debug */,
				CEFB20C224A3BC58005FA375 /* Release */,
			);
			defaultConfigurationIsVisible = 0;
			defaultConfigurationName = Release;
		};
/* End XCConfigurationList section */

/* Begin XCVersionGroup section */
		CE4BE05124A689A30003F25B /* OfflineModel.xcdatamodeld */ = {
			isa = XCVersionGroup;
			children = (
				CE4BE05224A689A30003F25B /* OfflineModel.xcdatamodel */,
			);
			currentVersion = CE4BE05224A689A30003F25B /* OfflineModel.xcdatamodel */;
			path = OfflineModel.xcdatamodeld;
			sourceTree = "<group>";
			versionGroupType = wrapper.xcdatamodel;
		};
/* End XCVersionGroup section */
	};
	rootObject = CEFB20A624A3BC56005FA375 /* Project object */;
}
